{
  "name": "flame-of-ice",
  "version": "1.0.0",
  "lockfileVersion": 3,
  "requires": true,
  "packages": {
    "": {
      "name": "flame-of-ice",
      "version": "1.0.0",
      "license": "ISC",
      "dependencies": {
        "skeleton-css": "^2.0.4"
      }
    },
    "node_modules/skeleton-css": {
      "version": "2.0.4",
      "resolved": "https://registry.npmjs.org/skeleton-css/-/skeleton-css-2.0.4.tgz",
      "integrity": "sha512-e+WEQGBFHk7N5gu9IHUj4ySGc/k84LqZO52ldLHQxOPhVT6rE++OGADO4I+yyKxMVlmt9UVicYBzc6EfiYB8xA==",
      "license": "MIT"
    }
  }
}
